
Microsoft Visual Studio Solution File, Format Version 12.00
# Visual Studio Version 17
VisualStudioVersion = 17.5.33424.131
MinimumVisualStudioVersion = 10.0.40219.1
Project("{FAE04EC0-301F-11D3-BF4B-00C04F79EFBC}") = "arraytask3", "arraytask3.csproj", "{0931CDBF-7CB8-4F33-A66B-63C0381C3336}"
EndProject
Global
	GlobalSection(SolutionConfigurationPlatforms) = preSolution
		Debug|Any CPU = Debug|Any CPU
		Release|Any CPU = Release|Any CPU
	EndGlobalSection
	GlobalSection(ProjectConfigurationPlatforms) = postSolution
		{0931CDBF-7CB8-4F33-A66B-63C0381C3336}.Debug|Any CPU.ActiveCfg = Debug|Any CPU
		{0931CDBF-7CB8-4F33-A66B-63C0381C3336}.Debug|Any CPU.Build.0 = Debug|Any CPU
		{0931CDBF-7CB8-4F33-A66B-63C0381C3336}.Release|Any CPU.ActiveCfg = Release|Any CPU
		{0931CDBF-7CB8-4F33-A66B-63C0381C3336}.Release|Any CPU.Build.0 = Release|Any CPU
	EndGlobalSection
	GlobalSection(SolutionProperties) = preSolution
		HideSolutionNode = FALSE
	EndGlobalSection
	GlobalSection(ExtensibilityGlobals) = postSolution
		SolutionGuid = {48554227-7F9C-43EB-8B29-F1CF7E8699CF}
	EndGlobalSection
EndGlobal
